
Microsoft Visual Studio Solution File, Format Version 12.00
# Visual Studio Version 16
VisualStudioVersion = 16.0.31613.86
MinimumVisualStudioVersion = 10.0.40219.1
Project("{9A19103F-16F7-4668-BE54-9A1E7A4F7556}") = "Entidades", "Soldado\Entidades.csproj", "{7700E4E6-6875-415A-ADE5-B95394079722}"
EndProject
Project("{9A19103F-16F7-4668-BE54-9A1E7A4F7556}") = "Vista", "Vista\Vista.csproj", "{72D3A13B-0EFC-4588-9F2C-05E2B9B56646}"
EndProject
Project("{FAE04EC0-301F-11D3-BF4B-00C04F79EFBC}") = "TestConsola", "TestConsola\TestConsola.csproj", "{501E202B-CFA7-4C28-A406-FE842FCA957F}"
EndProject
Project("{FAE04EC0-301F-11D3-BF4B-00C04F79EFBC}") = "Test", "Test\Test.csproj", "{3EEDE31F-DDDE-4288-86C3-89B7CFC46045}"
EndProject
Global
	GlobalSection(SolutionConfigurationPlatforms) = preSolution
		Debug|Any CPU = Debug|Any CPU
		Release|Any CPU = Release|Any CPU
	EndGlobalSection
	GlobalSection(ProjectConfigurationPlatforms) = postSolution
		{7700E4E6-6875-415A-ADE5-B95394079722}.Debug|Any CPU.ActiveCfg = Debug|Any CPU
		{7700E4E6-6875-415A-ADE5-B95394079722}.Debug|Any CPU.Build.0 = Debug|Any CPU
		{7700E4E6-6875-415A-ADE5-B95394079722}.Release|Any CPU.ActiveCfg = Release|Any CPU
		{7700E4E6-6875-415A-ADE5-B95394079722}.Release|Any CPU.Build.0 = Release|Any CPU
		{72D3A13B-0EFC-4588-9F2C-05E2B9B56646}.Debug|Any CPU.ActiveCfg = Debug|Any CPU
		{72D3A13B-0EFC-4588-9F2C-05E2B9B56646}.Debug|Any CPU.Build.0 = Debug|Any CPU
		{72D3A13B-0EFC-4588-9F2C-05E2B9B56646}.Release|Any CPU.ActiveCfg = Release|Any CPU
		{72D3A13B-0EFC-4588-9F2C-05E2B9B56646}.Release|Any CPU.Build.0 = Release|Any CPU
		{501E202B-CFA7-4C28-A406-FE842FCA957F}.Debug|Any CPU.ActiveCfg = Debug|Any CPU
		{501E202B-CFA7-4C28-A406-FE842FCA957F}.Debug|Any CPU.Build.0 = Debug|Any CPU
		{501E202B-CFA7-4C28-A406-FE842FCA957F}.Release|Any CPU.ActiveCfg = Release|Any CPU
		{501E202B-CFA7-4C28-A406-FE842FCA957F}.Release|Any CPU.Build.0 = Release|Any CPU
		{3EEDE31F-DDDE-4288-86C3-89B7CFC46045}.Debug|Any CPU.ActiveCfg = Debug|Any CPU
		{3EEDE31F-DDDE-4288-86C3-89B7CFC46045}.Debug|Any CPU.Build.0 = Debug|Any CPU
		{3EEDE31F-DDDE-4288-86C3-89B7CFC46045}.Release|Any CPU.ActiveCfg = Release|Any CPU
		{3EEDE31F-DDDE-4288-86C3-89B7CFC46045}.Release|Any CPU.Build.0 = Release|Any CPU
	EndGlobalSection
	GlobalSection(SolutionProperties) = preSolution
		HideSolutionNode = FALSE
	EndGlobalSection
	GlobalSection(ExtensibilityGlobals) = postSolution
		SolutionGuid = {08AF353C-D44A-43B5-A858-5C835B8D1D62}
	EndGlobalSection
EndGlobal
